
Microsoft Visual Studio Solution File, Format Version 12.00
# Visual Studio Version 17
VisualStudioVersion = 17.1.31911.260
MinimumVisualStudioVersion = 10.0.40219.1
Project("{9A19103F-16F7-4668-BE54-9A1E7A4F7556}") = "MetricsManager", "MetricsManager\MetricsManager.csproj", "{99A8CFD8-00CB-407D-8646-5445F803D882}"
EndProject
Project("{FAE04EC0-301F-11D3-BF4B-00C04F79EFBC}") = "MetricsManagerTests", "MetricsManagerTests\MetricsManagerTests.csproj", "{7EDB19E9-298C-49D9-93A0-F0E05408FAFA}"
EndProject
Global
	GlobalSection(SolutionConfigurationPlatforms) = preSolution
		Debug|Any CPU = Debug|Any CPU
		Release|Any CPU = Release|Any CPU
	EndGlobalSection
	GlobalSection(ProjectConfigurationPlatforms) = postSolution
		{99A8CFD8-00CB-407D-8646-5445F803D882}.Debug|Any CPU.ActiveCfg = Debug|Any CPU
		{99A8CFD8-00CB-407D-8646-5445F803D882}.Debug|Any CPU.Build.0 = Debug|Any CPU
		{99A8CFD8-00CB-407D-8646-5445F803D882}.Release|Any CPU.ActiveCfg = Release|Any CPU
		{99A8CFD8-00CB-407D-8646-5445F803D882}.Release|Any CPU.Build.0 = Release|Any CPU
		{7EDB19E9-298C-49D9-93A0-F0E05408FAFA}.Debug|Any CPU.ActiveCfg = Debug|Any CPU
		{7EDB19E9-298C-49D9-93A0-F0E05408FAFA}.Debug|Any CPU.Build.0 = Debug|Any CPU
		{7EDB19E9-298C-49D9-93A0-F0E05408FAFA}.Release|Any CPU.ActiveCfg = Release|Any CPU
		{7EDB19E9-298C-49D9-93A0-F0E05408FAFA}.Release|Any CPU.Build.0 = Release|Any CPU
	EndGlobalSection
	GlobalSection(SolutionProperties) = preSolution
		HideSolutionNode = FALSE
	EndGlobalSection
	GlobalSection(ExtensibilityGlobals) = postSolution
		SolutionGuid = {C3CB3FA8-AFD0-4AAA-B2FF-CF75F7D5208F}
	EndGlobalSection
EndGlobal
